
Microsoft Visual Studio Solution File, Format Version 12.00
# Visual Studio Version 17
VisualStudioVersion = 17.6.33829.357
MinimumVisualStudioVersion = 10.0.40219.1
Project("{9A19103F-16F7-4668-BE54-9A1E7A4F7556}") = "ReportDesigner", "ReportDesigner\ReportDesigner.csproj", "{0AB8AA35-D6C4-4717-A419-3EBBEF544A30}"
EndProject
Global
	GlobalSection(SolutionConfigurationPlatforms) = preSolution
		Debug|Any CPU = Debug|Any CPU
		Release|Any CPU = Release|Any CPU
	EndGlobalSection
	GlobalSection(ProjectConfigurationPlatforms) = postSolution
		{0AB8AA35-D6C4-4717-A419-3EBBEF544A30}.Debug|Any CPU.ActiveCfg = Debug|Any CPU
		{0AB8AA35-D6C4-4717-A419-3EBBEF544A30}.Debug|Any CPU.Build.0 = Debug|Any CPU
		{0AB8AA35-D6C4-4717-A419-3EBBEF544A30}.Release|Any CPU.ActiveCfg = Release|Any CPU
		{0AB8AA35-D6C4-4717-A419-3EBBEF544A30}.Release|Any CPU.Build.0 = Release|Any CPU
	EndGlobalSection
	GlobalSection(SolutionProperties) = preSolution
		HideSolutionNode = FALSE
	EndGlobalSection
	GlobalSection(ExtensibilityGlobals) = postSolution
		SolutionGuid = {9C8BF3FD-0F1A-401D-904D-58E869E4A8E0}
	EndGlobalSection
EndGlobal
